# THIS IS AN AUTOGENERATED FILE. DO NOT EDIT THIS FILE DIRECTLY.
# yarn lockfile v1


"@types/node@^10.0.0":
  version "10.17.56"
  resolved "https://registry.yarnpkg.com/@types/node/-/node-10.17.56.tgz#010c9e047c3ff09ddcd11cbb6cf5912725cdc2b3"
  integrity sha512-LuAa6t1t0Bfw4CuSR0UITsm1hP17YL+u82kfHGrHUWdhlBtH7sa7jGY5z7glGaIj/WDYDkRtgGd+KCjCzxBW1w==

alawmulaw@^5.0.2:
  version "5.0.2"
  resolved "https://registry.yarnpkg.com/alawmulaw/-/alawmulaw-5.0.2.tgz#885a914933e3f3bc0bdd67534af669a20f17d4aa"
  integrity sha512-W3bWBB7MwTNGALlAKbOxe+tMNW9DpqGsv1V1idGPzctnBH++eS+Dx3UuucHNe5nk38WvAuy0sgMAbS5idHCArw==

app-root-dir@^1.0.2:
  version "1.0.2"
  resolved "https://registry.yarnpkg.com/app-root-dir/-/app-root-dir-1.0.2.tgz#38187ec2dea7577fff033ffcb12172692ff6e118"
  integrity sha1-OBh+wt6nV3//Az/8sSFyaS/24Rg=

atem-connection@2.1.1-nightly-20200917-210751-66bb5be.0:
  version "2.1.1-nightly-20200917-210751-66bb5be.0"
  resolved "https://registry.yarnpkg.com/atem-connection/-/atem-connection-2.1.1-nightly-20200917-210751-66bb5be.0.tgz#adaf8dcca6c97f12b0e6d57e5a540764a6e8373a"
  integrity sha512-TVpa2vkwV0d87OavzbeWXbjvrgtnsL6HfuVpc3QU9EA/7Xp7nXGJjT2TONgP2DyeXIEp/ac5Q5XlAAigDxGyWg==
  dependencies:
    big-integer "^1.6.48"
    eventemitter3 "^4.0.4"
    exit-hook "^2.0.0"
    nanotimer "^0.3.15"
    threadedclass "^0.8.0"
    tslib "^1.13.0"
    wavefile "^8.4.4"

base64-arraybuffer-es6@^0.3.1:
  version "0.3.1"
  resolved "https://registry.yarnpkg.com/base64-arraybuffer-es6/-/base64-arraybuffer-es6-0.3.1.tgz#fdf0e382f4e2f56caf881f48ee0ce01ae79afe48"
  integrity sha512-TrhBheudYaff9adiTAqjSScjvtmClQ4vF9l4cqkPNkVsA11m4/NRdH4LkZ/tAMmpzzwfI20BXnJ/PTtafECCNA==

big-integer@^1.6.48:
  version "1.6.48"
  resolved "https://registry.yarnpkg.com/big-integer/-/big-integer-1.6.48.tgz#8fd88bd1632cba4a1c8c3e3d7159f08bb95b4b9e"
  integrity sha512-j51egjPa7/i+RdiRuJbPdJ2FIUYYPhvYLjzoYbcMMm62ooO6F94fETG4MTs46zPAF9Brs04OajboA/qTGuz78w==

bitdepth@^7.0.2:
  version "7.0.2"
  resolved "https://registry.yarnpkg.com/bitdepth/-/bitdepth-7.0.2.tgz#d9290de0e4b44ce5fc0c29f813c8f49fbdfa2eeb"
  integrity sha512-Ed11TL4IIWyUEoQTfkbRBDCgDNurxYzFgmk30ZU6SgNCsysoEx7UMm+g7SDFHxA2lhLbWyjV8T1ab3z0BtYOAw==

byte-data@^16.0.3:
  version "16.0.3"
  resolved "https://registry.yarnpkg.com/byte-data/-/byte-data-16.0.3.tgz#8abb3e212c9b026790a28c2d6c22fdc0515fd49d"
  integrity sha512-IzV3mzv8OnnzPdb9CoESQr2ikPX/gkHUesRu+vff9XB7KwMxyflPDewtPFWXPvF+Xukl52ceor2IRLbnQZf3PQ==
  dependencies:
    endianness "^8.0.2"
    ieee754-buffer "^0.2.1"
    twos-complement-buffer "0.0.1"
    uint-buffer "^0.1.0"
    utf8-buffer "^0.2.0"

callsites@^3.1.0:
  version "3.1.0"
  resolved "https://registry.yarnpkg.com/callsites/-/callsites-3.1.0.tgz#b3630abd8943432f54b3f0519238e33cd7df2f73"
  integrity sha512-P8BjAsXvZS+VIDUI11hHCQEv74YT67YUi5JJFNWIqL235sBmjX4+qx9Muvls5ivyNENctx46xQLQ3aTuE7ssaQ==

compare-versions@^3.6.0:
  version "3.6.0"
  resolved "https://registry.yarnpkg.com/compare-versions/-/compare-versions-3.6.0.tgz#1a5689913685e5a87637b8d3ffca75514ec41d62"
  integrity sha512-W6Af2Iw1z4CB7q4uU4hv646dW9GQuBM+YpC0UvUCWSD8w90SJjp+ujJuXaEMtAXBtSqGfMPuFOVn4/+FlaqfBA==

endianness@^8.0.2:
  version "8.0.2"
  resolved "https://registry.yarnpkg.com/endianness/-/endianness-8.0.2.tgz#e35d16bbe80b6ff94fbc199168dd234d9f78168e"
  integrity sha512-IU+77+jJ7lpw2qZ3NUuqBZFy3GuioNgXUdsL1L9tooDNTaw0TgOnwNuc+8Ns+haDaTifK97QLzmOANJtI/rGvw==

eventemitter3@^4.0.4:
  version "4.0.7"
  resolved "https://registry.yarnpkg.com/eventemitter3/-/eventemitter3-4.0.7.tgz#2de9b68f6528d5644ef5c59526a1b4a07306169f"
  integrity sha512-8guHBZCwKnFhYdHr2ysuRWErTwhoN2X8XELRlrRwpmfeY2jjuUN4taQMsULKUVo1K4DvZl+0pgfyoysHxvmvEw==

exit-hook@^2.0.0:
  version "2.2.0"
  resolved "https://registry.yarnpkg.com/exit-hook/-/exit-hook-2.2.0.tgz#f5502f92179018e867f2d8ee4428392da7f3894e"
  integrity sha512-YFH+2oGdldRH5GqGpnaiKbBxWHMmuXHmKTMtUC58kWSOrnTf95rKITVSFTTtas14DWvWpih429+ffAvFetPwNA==

ieee754-buffer@^0.2.1:
  version "0.2.1"
  resolved "https://registry.yarnpkg.com/ieee754-buffer/-/ieee754-buffer-0.2.1.tgz#7e0d7d381d228de949f06b71f1cfd971691271f6"
  integrity sha512-dDlJhYk8BAmH1HDncTjCt6xOm2+kT+MxGhRKB+mUoF8nocDzPAgZPEWTRI9QgkGvbDkbJgCqyxweGlIV0yhbUQ==

imaadpcm@^4.1.2:
  version "4.1.2"
  resolved "https://registry.yarnpkg.com/imaadpcm/-/imaadpcm-4.1.2.tgz#8757742610004bc2aba1181919f899abd6a9b413"
  integrity sha512-7gwxe6lKCGitmkMtGbm1ecnt0Q59KcWwo7AVi2RAd3lQ9VghVN5zX5x3oK6xNhfD9KUMbaYzku43UBn3Ix3RIA==

is-running@^2.1.0:
  version "2.1.0"
  resolved "https://registry.yarnpkg.com/is-running/-/is-running-2.1.0.tgz#30a73ff5cc3854e4fc25490809e9f5abf8de09e0"
  integrity sha1-MKc/9cw4VOT8JUkICen1q/jeCeA=

nanotimer@^0.3.15:
  version "0.3.15"
  resolved "https://registry.yarnpkg.com/nanotimer/-/nanotimer-0.3.15.tgz#280d277db9146eca6f8a570b572abaf2a9acc754"
  integrity sha1-KA0nfbkUbspvilcLVyq68qmsx1Q=

object-path@^0.11.5:
  version "0.11.5"
  resolved "https://registry.yarnpkg.com/object-path/-/object-path-0.11.5.tgz#d4e3cf19601a5140a55a16ad712019a9c50b577a"
  integrity sha512-jgSbThcoR/s+XumvGMTMf81QVBmah+/Q7K7YduKeKVWL7N111unR2d6pZZarSk6kY/caeNxUDyxOvMWyzoU2eg==

require-from-app-root@^0.2.1:
  version "0.2.1"
  resolved "https://registry.yarnpkg.com/require-from-app-root/-/require-from-app-root-0.2.1.tgz#73197eb573bec5cc00012520b0d8bbccb686ae4f"
  integrity sha512-TuNPLCO3uAA6Za80Vtz9F8YL0KpJiJ+ZQxOhdyV0N9j1VzweqXuHqVgacBdYo+25rWPA9jzqusijtKiTd2vW2g==
  dependencies:
    "@types/node" "^10.0.0"
    app-root-dir "^1.0.2"

threadedclass@^0.8.0:
  version "0.8.1"
  resolved "https://registry.yarnpkg.com/threadedclass/-/threadedclass-0.8.1.tgz#19274b72eb7c13ad3b920565dfebe1535665f2c5"
  integrity sha512-M3XcklB48YBe6epNtW/mkfHkpo0qd8unBejna3Zx5KBnaiUmxGUH6fuc3kkmIFfKrSA/7wwcO9zSQcV2izbzOA==
  dependencies:
    callsites "^3.1.0"
    eventemitter3 "^4.0.4"
    is-running "^2.1.0"
    tslib "^1.13.0"

touchportal-api@^2.0.1:
  version "2.0.1"
  resolved "https://registry.yarnpkg.com/touchportal-api/-/touchportal-api-2.0.1.tgz#a478612db5435306ef1b3aae67329450c78625de"
  integrity sha512-hXkmcQHxH9X6SMJej7U7KQcV8qoeT+4FF7QiKV5G5lhpzoOiKWW1hpPzH7OMnoARSnoPSedTnJcczKfNXvDOAg==
  dependencies:
    compare-versions "^3.6.0"
    require-from-app-root "^0.2.1"

tslib@^1.13.0:
  version "1.14.1"
  resolved "https://registry.yarnpkg.com/tslib/-/tslib-1.14.1.tgz#cf2d38bdc34a134bcaf1091c41f6619e2f672d00"
  integrity sha512-Xni35NKzjgMrwevysHTCArtLDpPvye8zV/0E4EyYn43P7/7qvQwPh9BGkHewbMulVntbigmcT7rdX3BNo9wRJg==

twos-complement-buffer@0.0.1:
  version "0.0.1"
  resolved "https://registry.yarnpkg.com/twos-complement-buffer/-/twos-complement-buffer-0.0.1.tgz#e461a248d5c14a6d90afd031b2677f31da127d29"
  integrity sha512-Ev3p2GfB2GO8pcyb7jIvctS9RAjSZrF/K+u5s3KN00ajY11Dda2oMqI72nXaHVU7doGYNXc0mJG6exWAbmzZiA==
  dependencies:
    uint-buffer "^0.1.0"

uint-buffer@^0.1.0:
  version "0.1.0"
  resolved "https://registry.yarnpkg.com/uint-buffer/-/uint-buffer-0.1.0.tgz#35f2f59fa253d338affcdb6f377750642bd1cf59"
  integrity sha512-7xjpjCTijFIXAMxN7OMRfykpCMVfbCrlAmAt2RIlihvkHgvkNV5DBFzyc8OpIQeVpRXJkgXBwmKos4hD8DrX1g==

utf8-buffer@^0.2.0:
  version "0.2.0"
  resolved "https://registry.yarnpkg.com/utf8-buffer/-/utf8-buffer-0.2.0.tgz#a4530a606d9d2b0348456a393eaf836b62fed2f3"
  integrity sha512-DygDeOmOPQRjxnnv8LdfjoSQgG9EgJFH1m/1QcrKkDOxzoOcLLqZ2ONzRYHmiRqJYQYnAvV+zv2Wgk5tXjr4aA==

wavefile@^8.4.4:
  version "8.4.6"
  resolved "https://registry.yarnpkg.com/wavefile/-/wavefile-8.4.6.tgz#8c99809df1a344edb12839da69e588bf53c7e483"
  integrity sha512-mKvPtkXTFE3U8Uo8qJr/hCJP3booCI09vsoWY3OHrdKB+8ZefO/5/wSRZSbPSgFDB+WWn3Am3c01h/sguTYuyA==
  dependencies:
    alawmulaw "^5.0.2"
    base64-arraybuffer-es6 "^0.3.1"
    bitdepth "^7.0.2"
    byte-data "^16.0.3"
    imaadpcm "^4.1.2"
